
Microsoft Visual Studio Solution File, Format Version 12.00
# Visual Studio 15
Project("{FAE04EC0-301F-11D3-BF4B-00C04F79EFBC}") = "Assembly-CSharp", "Assembly-CSharp.csproj", "{854AD60D-53E1-CAD5-7754-521705283BCE}"
EndProject
Project("{FAE04EC0-301F-11D3-BF4B-00C04F79EFBC}") = "Assembly-CSharp-Editor-firstpass", "Assembly-CSharp-Editor-firstpass.csproj", "{82589E03-6303-4D58-2D65-C33204346C1F}"
EndProject
Global
	GlobalSection(SolutionConfigurationPlatforms) = preSolution
		Debug|Any CPU = Debug|Any CPU
		Release|Any CPU = Release|Any CPU
	EndGlobalSection
	GlobalSection(ProjectConfigurationPlatforms) = postSolution
		{854AD60D-53E1-CAD5-7754-521705283BCE}.Debug|Any CPU.ActiveCfg = Debug|Any CPU
		{854AD60D-53E1-CAD5-7754-521705283BCE}.Debug|Any CPU.Build.0 = Debug|Any CPU
		{854AD60D-53E1-CAD5-7754-521705283BCE}.Release|Any CPU.ActiveCfg = Release|Any CPU
		{854AD60D-53E1-CAD5-7754-521705283BCE}.Release|Any CPU.Build.0 = Release|Any CPU
		{82589E03-6303-4D58-2D65-C33204346C1F}.Debug|Any CPU.ActiveCfg = Debug|Any CPU
		{82589E03-6303-4D58-2D65-C33204346C1F}.Debug|Any CPU.Build.0 = Debug|Any CPU
		{82589E03-6303-4D58-2D65-C33204346C1F}.Release|Any CPU.ActiveCfg = Release|Any CPU
		{82589E03-6303-4D58-2D65-C33204346C1F}.Release|Any CPU.Build.0 = Release|Any CPU
	EndGlobalSection
	GlobalSection(SolutionProperties) = preSolution
		HideSolutionNode = FALSE
	EndGlobalSection
EndGlobal
